
Microsoft Visual Studio Solution File, Format Version 12.00
# Visual Studio Version 17
VisualStudioVersion = 17.4.33103.184
MinimumVisualStudioVersion = 10.0.40219.1
Project("{9A19103F-16F7-4668-BE54-9A1E7A4F7556}") = "DiaryBot.Core", "DiaryBot.Core\DiaryBot.Core.csproj", "{330A4CBB-3888-4978-9BAB-4490EFFC28D4}"
EndProject
Project("{9A19103F-16F7-4668-BE54-9A1E7A4F7556}") = "DiaryBot.WPF", "DiaryBot.WPF\DiaryBot.WPF.csproj", "{25BB0584-C3B1-4575-A180-AC0FCDE64B2E}"
EndProject
Global
	GlobalSection(SolutionConfigurationPlatforms) = preSolution
		Debug|Any CPU = Debug|Any CPU
		Release|Any CPU = Release|Any CPU
	EndGlobalSection
	GlobalSection(ProjectConfigurationPlatforms) = postSolution
		{330A4CBB-3888-4978-9BAB-4490EFFC28D4}.Debug|Any CPU.ActiveCfg = Debug|Any CPU
		{330A4CBB-3888-4978-9BAB-4490EFFC28D4}.Debug|Any CPU.Build.0 = Debug|Any CPU
		{330A4CBB-3888-4978-9BAB-4490EFFC28D4}.Release|Any CPU.ActiveCfg = Release|Any CPU
		{330A4CBB-3888-4978-9BAB-4490EFFC28D4}.Release|Any CPU.Build.0 = Release|Any CPU
		{25BB0584-C3B1-4575-A180-AC0FCDE64B2E}.Debug|Any CPU.ActiveCfg = Debug|Any CPU
		{25BB0584-C3B1-4575-A180-AC0FCDE64B2E}.Debug|Any CPU.Build.0 = Debug|Any CPU
		{25BB0584-C3B1-4575-A180-AC0FCDE64B2E}.Release|Any CPU.ActiveCfg = Release|Any CPU
		{25BB0584-C3B1-4575-A180-AC0FCDE64B2E}.Release|Any CPU.Build.0 = Release|Any CPU
	EndGlobalSection
	GlobalSection(SolutionProperties) = preSolution
		HideSolutionNode = FALSE
	EndGlobalSection
	GlobalSection(ExtensibilityGlobals) = postSolution
		SolutionGuid = {F750A0EA-059A-499C-872A-BE0ACB0A62E1}
	EndGlobalSection
EndGlobal
